
Microsoft Visual Studio Solution File, Format Version 12.00
# Visual Studio Version 17
VisualStudioVersion = 17.4.33213.308
MinimumVisualStudioVersion = 10.0.40219.1
Project("{9A19103F-16F7-4668-BE54-9A1E7A4F7556}") = "Crypto", "Crypto\Crypto.csproj", "{5BC2638D-43C9-4411-AB83-7C59F94ACA04}"
EndProject
Project("{FAE04EC0-301F-11D3-BF4B-00C04F79EFBC}") = "CryptoTest", "CryptoTest\CryptoTest.csproj", "{A2ADC0C8-1FDB-406F-9188-574D5C864C67}"
EndProject
Global
	GlobalSection(SolutionConfigurationPlatforms) = preSolution
		Debug|Any CPU = Debug|Any CPU
		Release|Any CPU = Release|Any CPU
	EndGlobalSection
	GlobalSection(ProjectConfigurationPlatforms) = postSolution
		{5BC2638D-43C9-4411-AB83-7C59F94ACA04}.Debug|Any CPU.ActiveCfg = Debug|Any CPU
		{5BC2638D-43C9-4411-AB83-7C59F94ACA04}.Debug|Any CPU.Build.0 = Debug|Any CPU
		{5BC2638D-43C9-4411-AB83-7C59F94ACA04}.Release|Any CPU.ActiveCfg = Release|Any CPU
		{5BC2638D-43C9-4411-AB83-7C59F94ACA04}.Release|Any CPU.Build.0 = Release|Any CPU
		{A2ADC0C8-1FDB-406F-9188-574D5C864C67}.Debug|Any CPU.ActiveCfg = Debug|Any CPU
		{A2ADC0C8-1FDB-406F-9188-574D5C864C67}.Debug|Any CPU.Build.0 = Debug|Any CPU
		{A2ADC0C8-1FDB-406F-9188-574D5C864C67}.Release|Any CPU.ActiveCfg = Release|Any CPU
		{A2ADC0C8-1FDB-406F-9188-574D5C864C67}.Release|Any CPU.Build.0 = Release|Any CPU
	EndGlobalSection
	GlobalSection(SolutionProperties) = preSolution
		HideSolutionNode = FALSE
	EndGlobalSection
	GlobalSection(ExtensibilityGlobals) = postSolution
		SolutionGuid = {CFC49119-57CC-4E26-B153-F6835E919226}
	EndGlobalSection
EndGlobal
